
Microsoft Visual Studio Solution File, Format Version 12.00
# Visual Studio 15
VisualStudioVersion = 15.0.28307.902
MinimumVisualStudioVersion = 10.0.40219.1
Project("{FAE04EC0-301F-11D3-BF4B-00C04F79EFBC}") = "Ex03.ConsoleUI", "Ex03.ConsoleUI\Ex03.ConsoleUI.csproj", "{F580482A-62FA-48DF-8E27-6C94B43D7617}"
EndProject
Project("{FAE04EC0-301F-11D3-BF4B-00C04F79EFBC}") = "Ex03.GarageLogic", "Ex03.GarageLogic\Ex03.GarageLogic.csproj", "{4467E381-F01D-431F-ABE6-6F0540C8FB05}"
EndProject
Global
	GlobalSection(SolutionConfigurationPlatforms) = preSolution
		Debug|Any CPU = Debug|Any CPU
		Release|Any CPU = Release|Any CPU
	EndGlobalSection
	GlobalSection(ProjectConfigurationPlatforms) = postSolution
		{F580482A-62FA-48DF-8E27-6C94B43D7617}.Debug|Any CPU.ActiveCfg = Debug|Any CPU
		{F580482A-62FA-48DF-8E27-6C94B43D7617}.Debug|Any CPU.Build.0 = Debug|Any CPU
		{F580482A-62FA-48DF-8E27-6C94B43D7617}.Release|Any CPU.ActiveCfg = Release|Any CPU
		{F580482A-62FA-48DF-8E27-6C94B43D7617}.Release|Any CPU.Build.0 = Release|Any CPU
		{4467E381-F01D-431F-ABE6-6F0540C8FB05}.Debug|Any CPU.ActiveCfg = Debug|Any CPU
		{4467E381-F01D-431F-ABE6-6F0540C8FB05}.Debug|Any CPU.Build.0 = Debug|Any CPU
		{4467E381-F01D-431F-ABE6-6F0540C8FB05}.Release|Any CPU.ActiveCfg = Release|Any CPU
		{4467E381-F01D-431F-ABE6-6F0540C8FB05}.Release|Any CPU.Build.0 = Release|Any CPU
	EndGlobalSection
	GlobalSection(SolutionProperties) = preSolution
		HideSolutionNode = FALSE
	EndGlobalSection
	GlobalSection(ExtensibilityGlobals) = postSolution
		SolutionGuid = {FF4F3846-5C31-4FF1-9EE2-0A8501414EF7}
	EndGlobalSection
EndGlobal
